
Microsoft Visual Studio Solution File, Format Version 12.00
# Visual Studio Version 17
VisualStudioVersion = 17.3.32825.248
MinimumVisualStudioVersion = 10.0.40219.1
Project("{FAE04EC0-301F-11D3-BF4B-00C04F79EFBC}") = "trans2", "trans2\trans2.csproj", "{367A64F9-DF88-4FF2-A9CE-7E959973B27B}"
EndProject
Global
	GlobalSection(SolutionConfigurationPlatforms) = preSolution
		Debug|Any CPU = Debug|Any CPU
		Release|Any CPU = Release|Any CPU
	EndGlobalSection
	GlobalSection(ProjectConfigurationPlatforms) = postSolution
		{367A64F9-DF88-4FF2-A9CE-7E959973B27B}.Debug|Any CPU.ActiveCfg = Debug|Any CPU
		{367A64F9-DF88-4FF2-A9CE-7E959973B27B}.Debug|Any CPU.Build.0 = Debug|Any CPU
		{367A64F9-DF88-4FF2-A9CE-7E959973B27B}.Release|Any CPU.ActiveCfg = Release|Any CPU
		{367A64F9-DF88-4FF2-A9CE-7E959973B27B}.Release|Any CPU.Build.0 = Release|Any CPU
	EndGlobalSection
	GlobalSection(SolutionProperties) = preSolution
		HideSolutionNode = FALSE
	EndGlobalSection
	GlobalSection(ExtensibilityGlobals) = postSolution
		SolutionGuid = {144393CD-81F9-4C95-8A60-6E89FF109D3F}
	EndGlobalSection
EndGlobal
